// !$*UTF8*$!
{
	archiveVersion = 1;
	classes = {
	};
	objectVersion = 46;
	objects = {

/* Begin PBXBuildFile section */
		18FC40BE1BDD900900D2DF23 /* AppDelegate.swift in Sources */ = {isa = PBXBuildFile; fileRef = 18FC40BD1BDD900900D2DF23 /* AppDelegate.swift */; };
		18FC40C51BDD900900D2DF23 /* Main.storyboard in Resources */ = {isa = PBXBuildFile; fileRef = 18FC40C31BDD900900D2DF23 /* Main.storyboard */; };
		18FC40C71BDD900900D2DF23 /* Images.xcassets in Resources */ = {isa = PBXBuildFile; fileRef = 18FC40C61BDD900900D2DF23 /* Images.xcassets */; };
		18FC40CA1BDD900900D2DF23 /* LaunchScreen.xib in Resources */ = {isa = PBXBuildFile; fileRef = 18FC40C81BDD900900D2DF23 /* LaunchScreen.xib */; };
		18FC40D61BDD900900D2DF23 /* WhereToEatTests.swift in Sources */ = {isa = PBXBuildFile; fileRef = 18FC40D51BDD900900D2DF23 /* WhereToEatTests.swift */; };
		18FC40EC1BDDA6D700D2DF23 /* RestaurantsDetailViewController.swift in Sources */ = {isa = PBXBuildFile; fileRef = 18FC40EB1BDDA6D700D2DF23 /* RestaurantsDetailViewController.swift */; };
		18FC40EE1BDDA73800D2DF23 /* RestaurantsTableViewController.swift in Sources */ = {isa = PBXBuildFile; fileRef = 18FC40ED1BDDA73800D2DF23 /* RestaurantsTableViewController.swift */; };
		18FC40F01BDDA78800D2DF23 /* RandomViewController.swift in Sources */ = {isa = PBXBuildFile; fileRef = 18FC40EF1BDDA78800D2DF23 /* RandomViewController.swift */; };
		18FC40F21BDDA9BB00D2DF23 /* restaurants.swift in Sources */ = {isa = PBXBuildFile; fileRef = 18FC40F11BDDA9BB00D2DF23 /* restaurants.swift */; };
/* End PBXBuildFile section */

/* Begin PBXContainerItemProxy section */
		18FC40D01BDD900900D2DF23 /* PBXContainerItemProxy */ = {
			isa = PBXContainerItemProxy;
			containerPortal = 18FC40B01BDD900900D2DF23 /* Project object */;
			proxyType = 1;
			remoteGlobalIDString = 18FC40B71BDD900900D2DF23;
			remoteInfo = WhereToEat;
		};
/* End PBXContainerItemProxy section */

/* Begin PBXFileReference section */
		18FC40B81BDD900900D2DF23 /* WhereToEat.app */ = {isa = PBXFileReference; explicitFileType = wrapper.application; includeInIndex = 0; path = WhereToEat.app; sourceTree = BUILT_PRODUCTS_DIR; };
		18FC40BC1BDD900900D2DF23 /* Info.plist */ = {isa = PBXFileReference; lastKnownFileType = text.plist.xml; path = Info.plist; sourceTree = "<group>"; };
		18FC40BD1BDD900900D2DF23 /* AppDelegate.swift */ = {isa = PBXFileReference; lastKnownFileType = sourcecode.swift; path = AppDelegate.swift; sourceTree = "<group>"; };
		18FC40C41BDD900900D2DF23 /* Base */ = {isa = PBXFileReference; lastKnownFileType = file.storyboard; name = Base; path = Base.lproj/Main.storyboard; sourceTree = "<group>"; };
		18FC40C61BDD900900D2DF23 /* Images.xcassets */ = {isa = PBXFileReference; lastKnownFileType = folder.assetcatalog; path = Images.xcassets; sourceTree = "<group>"; };
		18FC40C91BDD900900D2DF23 /* Base */ = {isa = PBXFileReference; lastKnownFileType = file.xib; name = Base; path = Base.lproj/LaunchScreen.xib; sourceTree = "<group>"; };
		18FC40CF1BDD900900D2DF23 /* WhereToEatTests.xctest */ = {isa = PBXFileReference; explicitFileType = wrapper.cfbundle; includeInIndex = 0; path = WhereToEatTests.xctest; sourceTree = BUILT_PRODUCTS_DIR; };
		18FC40D41BDD900900D2DF23 /* Info.plist */ = {isa = PBXFileReference; lastKnownFileType = text.plist.xml; path = Info.plist; sourceTree = "<group>"; };
		18FC40D51BDD900900D2DF23 /* WhereToEatTests.swift */ = {isa = PBXFileReference; lastKnownFileType = sourcecode.swift; path = WhereToEatTests.swift; sourceTree = "<group>"; };
		18FC40EB1BDDA6D700D2DF23 /* RestaurantsDetailViewController.swift */ = {isa = PBXFileReference; fileEncoding = 4; lastKnownFileType = sourcecode.swift; path = RestaurantsDetailViewController.swift; sourceTree = "<group>"; };
		18FC40ED1BDDA73800D2DF23 /* RestaurantsTableViewController.swift */ = {isa = PBXFileReference; fileEncoding = 4; lastKnownFileType = sourcecode.swift; path = RestaurantsTableViewController.swift; sourceTree = "<group>"; };
		18FC40EF1BDDA78800D2DF23 /* RandomViewController.swift */ = {isa = PBXFileReference; fileEncoding = 4; lastKnownFileType = sourcecode.swift; path = RandomViewController.swift; sourceTree = "<group>"; };
		18FC40F11BDDA9BB00D2DF23 /* restaurants.swift */ = {isa = PBXFileReference; fileEncoding = 4; lastKnownFileType = sourcecode.swift; path = restaurants.swift; sourceTree = "<group>"; };
/* End PBXFileReference section */

/* Begin PBXFrameworksBuildPhase section */
		18FC40B51BDD900900D2DF23 /* Frameworks */ = {
			isa = PBXFrameworksBuildPhase;
			buildActionMask = 2147483647;
			files = (
			);
			runOnlyForDeploymentPostprocessing = 0;
		};
		18FC40CC1BDD900900D2DF23 /* Frameworks */ = {
			isa = PBXFrameworksBuildPhase;
			buildActionMask = 2147483647;
			files = (
			);
			runOnlyForDeploymentPostprocessing = 0;
		};
/* End PBXFrameworksBuildPhase section */

/* Begin PBXGroup section */
		18FC40AF1BDD900900D2DF23 = {
			isa = PBXGroup;
			children = (
				18FC40F11BDDA9BB00D2DF23 /* restaurants.swift */,
				18FC40BA1BDD900900D2DF23 /* WhereToEat */,
				18FC40D21BDD900900D2DF23 /* WhereToEatTests */,
				18FC40B91BDD900900D2DF23 /* Products */,
			);
			sourceTree = "<group>";
		};
		18FC40B91BDD900900D2DF23 /* Products */ = {
			isa = PBXGroup;
			children = (
				18FC40B81BDD900900D2DF23 /* WhereToEat.app */,
				18FC40CF1BDD900900D2DF23 /* WhereToEatTests.xctest */,
			);
			name = Products;
			sourceTree = "<group>";
		};
		18FC40BA1BDD900900D2DF23 /* WhereToEat */ = {
			isa = PBXGroup;
			children = (
				18FC40BD1BDD900900D2DF23 /* AppDelegate.swift */,
				18FC40C31BDD900900D2DF23 /* Main.storyboard */,
				18FC40EF1BDDA78800D2DF23 /* RandomViewController.swift */,
				18FC40ED1BDDA73800D2DF23 /* RestaurantsTableViewController.swift */,
				18FC40EB1BDDA6D700D2DF23 /* RestaurantsDetailViewController.swift */,
				18FC40C61BDD900900D2DF23 /* Images.xcassets */,
				18FC40C81BDD900900D2DF23 /* LaunchScreen.xib */,
				18FC40BB1BDD900900D2DF23 /* Supporting Files */,
			);
			path = WhereToEat;
			sourceTree = "<group>";
		};
		18FC40BB1BDD900900D2DF23 /* Supporting Files */ = {
			isa = PBXGroup;
			children = (
				18FC40BC1BDD900900D2DF23 /* Info.plist */,
			);
			name = "Supporting Files";
			sourceTree = "<group>";
		};
		18FC40D21BDD900900D2DF23 /* WhereToEatTests */ = {
			isa = PBXGroup;
			children = (
				18FC40D51BDD900900D2DF23 /* WhereToEatTests.swift */,
				18FC40D31BDD900900D2DF23 /* Supporting Files */,
			);
			path = WhereToEatTests;
			sourceTree = "<group>";
		};
		18FC40D31BDD900900D2DF23 /* Supporting Files */ = {
			isa = PBXGroup;
			children = (
				18FC40D41BDD900900D2DF23 /* Info.plist */,
			);
			name = "Supporting Files";
			sourceTree = "<group>";
		};
/* End PBXGroup section */

/* Begin PBXNativeTarget section */
		18FC40B71BDD900900D2DF23 /* WhereToEat */ = {
			isa = PBXNativeTarget;
			buildConfigurationList = 18FC40D91BDD900900D2DF23 /* Build configuration list for PBXNativeTarget "WhereToEat" */;
			buildPhases = (
				18FC40B41BDD900900D2DF23 /* Sources */,
				18FC40B51BDD900900D2DF23 /* Frameworks */,
				18FC40B61BDD900900D2DF23 /* Resources */,
			);
			buildRules = (
			);
			dependencies = (
			);
			name = WhereToEat;
			productName = WhereToEat;
			productReference = 18FC40B81BDD900900D2DF23 /* WhereToEat.app */;
			productType = "com.apple.product-type.application";
		};
		18FC40CE1BDD900900D2DF23 /* WhereToEatTests */ = {
			isa = PBXNativeTarget;
			buildConfigurationList = 18FC40DC1BDD900900D2DF23 /* Build configuration list for PBXNativeTarget "WhereToEatTests" */;
			buildPhases = (
				18FC40CB1BDD900900D2DF23 /* Sources */,
				18FC40CC1BDD900900D2DF23 /* Frameworks */,
				18FC40CD1BDD900900D2DF23 /* Resources */,
			);
			buildRules = (
			);
			dependencies = (
				18FC40D11BDD900900D2DF23 /* PBXTargetDependency */,
			);
			name = WhereToEatTests;
			productName = WhereToEatTests;
			productReference = 18FC40CF1BDD900900D2DF23 /* WhereToEatTests.xctest */;
			productType = "com.apple.product-type.bundle.unit-test";
		};
/* End PBXNativeTarget section */

/* Begin PBXProject section */
		18FC40B01BDD900900D2DF23 /* Project object */ = {
			isa = PBXProject;
			attributes = {
				LastUpgradeCheck = 0620;
				ORGANIZATIONNAME = Spirix;
				TargetAttributes = {
					18FC40B71BDD900900D2DF23 = {
						CreatedOnToolsVersion = 6.2;
					};
					18FC40CE1BDD900900D2DF23 = {
						CreatedOnToolsVersion = 6.2;
						TestTargetID = 18FC40B71BDD900900D2DF23;
					};
				};
			};
			buildConfigurationList = 18FC40B31BDD900900D2DF23 /* Build configuration list for PBXProject "WhereToEat" */;
			compatibilityVersion = "Xcode 3.2";
			developmentRegion = English;
			hasScannedForEncodings = 0;
			knownRegions = (
				en,
				Base,
			);
			mainGroup = 18FC40AF1BDD900900D2DF23;
			productRefGroup = 18FC40B91BDD900900D2DF23 /* Products */;
			projectDirPath = "";
			projectRoot = "";
			targets = (
				18FC40B71BDD900900D2DF23 /* WhereToEat */,
				18FC40CE1BDD900900D2DF23 /* WhereToEatTests */,
			);
		};
/* End PBXProject section */

/* Begin PBXResourcesBuildPhase section */
		18FC40B61BDD900900D2DF23 /* Resources */ = {
			isa = PBXResourcesBuildPhase;
			buildActionMask = 2147483647;
			files = (
				18FC40C51BDD900900D2DF23 /* Main.storyboard in Resources */,
				18FC40CA1BDD900900D2DF23 /* LaunchScreen.xib in Resources */,
				18FC40C71BDD900900D2DF23 /* Images.xcassets in Resources */,
			);
			runOnlyForDeploymentPostprocessing = 0;
		};
		18FC40CD1BDD900900D2DF23 /* Resources */ = {
			isa = PBXResourcesBuildPhase;
			buildActionMask = 2147483647;
			files = (
			);
			runOnlyForDeploymentPostprocessing = 0;
		};
/* End PBXResourcesBuildPhase section */

/* Begin PBXSourcesBuildPhase section */
		18FC40B41BDD900900D2DF23 /* Sources */ = {
			isa = PBXSourcesBuildPhase;
			buildActionMask = 2147483647;
			files = (
				18FC40F21BDDA9BB00D2DF23 /* restaurants.swift in Sources */,
				18FC40F01BDDA78800D2DF23 /* RandomViewController.swift in Sources */,
				18FC40EC1BDDA6D700D2DF23 /* RestaurantsDetailViewController.swift in Sources */,
				18FC40BE1BDD900900D2DF23 /* AppDelegate.swift in Sources */,
				18FC40EE1BDDA73800D2DF23 /* RestaurantsTableViewController.swift in Sources */,
			);
			runOnlyForDeploymentPostprocessing = 0;
		};
		18FC40CB1BDD900900D2DF23 /* Sources */ = {
			isa = PBXSourcesBuildPhase;
			buildActionMask = 2147483647;
			files = (
				18FC40D61BDD900900D2DF23 /* WhereToEatTests.swift in Sources */,
			);
			runOnlyForDeploymentPostprocessing = 0;
		};
/* End PBXSourcesBuildPhase section */

/* Begin PBXTargetDependency section */
		18FC40D11BDD900900D2DF23 /* PBXTargetDependency */ = {
			isa = PBXTargetDependency;
			target = 18FC40B71BDD900900D2DF23 /* WhereToEat */;
			targetProxy = 18FC40D01BDD900900D2DF23 /* PBXContainerItemProxy */;
		};
/* End PBXTargetDependency section */

/* Begin PBXVariantGroup section */
		18FC40C31BDD900900D2DF23 /* Main.storyboard */ = {
			isa = PBXVariantGroup;
			children = (
				18FC40C41BDD900900D2DF23 /* Base */,
			);
			name = Main.storyboard;
			sourceTree = "<group>";
		};
		18FC40C81BDD900900D2DF23 /* LaunchScreen.xib */ = {
			isa = PBXVariantGroup;
			children = (
				18FC40C91BDD900900D2DF23 /* Base */,
			);
			name = LaunchScreen.xib;
			sourceTree = "<group>";
		};
/* End PBXVariantGroup section */

/* Begin XCBuildConfiguration section */
		18FC40D71BDD900900D2DF23 /* Debug */ = {
			isa = XCBuildConfiguration;
			buildSettings = {
				ALWAYS_SEARCH_USER_PATHS = NO;
				CLANG_CXX_LANGUAGE_STANDARD = "gnu++0x";
				CLANG_CXX_LIBRARY = "libc++";
				CLANG_ENABLE_MODULES = YES;
				CLANG_ENABLE_OBJC_ARC = YES;
				CLANG_WARN_BOOL_CONVERSION = YES;
				CLANG_WARN_CONSTANT_CONVERSION = YES;
				CLANG_WARN_DIRECT_OBJC_ISA_USAGE = YES_ERROR;
				CLANG_WARN_EMPTY_BODY = YES;
				CLANG_WARN_ENUM_CONVERSION = YES;
				CLANG_WARN_INT_CONVERSION = YES;
				CLANG_WARN_OBJC_ROOT_CLASS = YES_ERROR;
				CLANG_WARN_UNREACHABLE_CODE = YES;
				CLANG_WARN__DUPLICATE_METHOD_MATCH = YES;
				"CODE_SIGN_IDENTITY[sdk=iphoneos*]" = "iPhone Developer";
				COPY_PHASE_STRIP = NO;
				ENABLE_STRICT_OBJC_MSGSEND = YES;
				GCC_C_LANGUAGE_STANDARD = gnu99;
				GCC_DYNAMIC_NO_PIC = NO;
				GCC_OPTIMIZATION_LEVEL = 0;
				GCC_PREPROCESSOR_DEFINITIONS = (
					"DEBUG=1",
					"$(inherited)",
				);
				GCC_SYMBOLS_PRIVATE_EXTERN = NO;
				GCC_WARN_64_TO_32_BIT_CONVERSION = YES;
				GCC_WARN_ABOUT_RETURN_TYPE = YES_ERROR;
				GCC_WARN_UNDECLARED_SELECTOR = YES;
				GCC_WARN_UNINITIALIZED_AUTOS = YES_AGGRESSIVE;
				GCC_WARN_UNUSED_FUNCTION = YES;
				GCC_WARN_UNUSED_VARIABLE = YES;
				IPHONEOS_DEPLOYMENT_TARGET = 8.2;
				MTL_ENABLE_DEBUG_INFO = YES;
				ONLY_ACTIVE_ARCH = YES;
				SDKROOT = iphoneos;
				SWIFT_OPTIMIZATION_LEVEL = "-Onone";
			};
			name = Debug;
		};
		18FC40D81BDD900900D2DF23 /* Release */ = {
			isa = XCBuildConfiguration;
			buildSettings = {
				ALWAYS_SEARCH_USER_PATHS = NO;
				CLANG_CXX_LANGUAGE_STANDARD = "gnu++0x";
				CLANG_CXX_LIBRARY = "libc++";
				CLANG_ENABLE_MODULES = YES;
				CLANG_ENABLE_OBJC_ARC = YES;
				CLANG_WARN_BOOL_CONVERSION = YES;
				CLANG_WARN_CONSTANT_CONVERSION = YES;
				CLANG_WARN_DIRECT_OBJC_ISA_USAGE = YES_ERROR;
				CLANG_WARN_EMPTY_BODY = YES;
				CLANG_WARN_ENUM_CONVERSION = YES;
				CLANG_WARN_INT_CONVERSION = YES;
				CLANG_WARN_OBJC_ROOT_CLASS = YES_ERROR;
				CLANG_WARN_UNREACHABLE_CODE = YES;
				CLANG_WARN__DUPLICATE_METHOD_MATCH = YES;
				"CODE_SIGN_IDENTITY[sdk=iphoneos*]" = "iPhone Developer";
				COPY_PHASE_STRIP = NO;
				ENABLE_NS_ASSERTIONS = NO;
				ENABLE_STRICT_OBJC_MSGSEND = YES;
				GCC_C_LANGUAGE_STANDARD = gnu99;
				GCC_WARN_64_TO_32_BIT_CONVERSION = YES;
				GCC_WARN_ABOUT_RETURN_TYPE = YES_ERROR;
				GCC_WARN_UNDECLARED_SELECTOR = YES;
				GCC_WARN_UNINITIALIZED_AUTOS = YES_AGGRESSIVE;
				GCC_WARN_UNUSED_FUNCTION = YES;
				GCC_WARN_UNUSED_VARIABLE = YES;
				IPHONEOS_DEPLOYMENT_TARGET = 8.2;
				MTL_ENABLE_DEBUG_INFO = NO;
				SDKROOT = iphoneos;
				VALIDATE_PRODUCT = YES;
			};
			name = Release;
		};
		18FC40DA1BDD900900D2DF23 /* Debug */ = {
			isa = XCBuildConfiguration;
			buildSettings = {
				ASSETCATALOG_COMPILER_APPICON_NAME = AppIcon;
				INFOPLIST_FILE = WhereToEat/Info.plist;
				LD_RUNPATH_SEARCH_PATHS = "$(inherited) @executable_path/Frameworks";
				PRODUCT_NAME = "$(TARGET_NAME)";
				TARGETED_DEVICE_FAMILY = 1;
			};
			name = Debug;
		};
		18FC40DB1BDD900900D2DF23 /* Release */ = {
			isa = XCBuildConfiguration;
			buildSettings = {
				ASSETCATALOG_COMPILER_APPICON_NAME = AppIcon;
				INFOPLIST_FILE = WhereToEat/Info.plist;
				LD_RUNPATH_SEARCH_PATHS = "$(inherited) @executable_path/Frameworks";
				PRODUCT_NAME = "$(TARGET_NAME)";
				TARGETED_DEVICE_FAMILY = 1;
			};
			name = Release;
		};
		18FC40DD1BDD900900D2DF23 /* Debug */ = {
			isa = XCBuildConfiguration;
			buildSettings = {
				BUNDLE_LOADER = "$(TEST_HOST)";
				FRAMEWORK_SEARCH_PATHS = (
					"$(SDKROOT)/Developer/Library/Frameworks",
					"$(inherited)",
				);
				GCC_PREPROCESSOR_DEFINITIONS = (
					"DEBUG=1",
					"$(inherited)",
				);
				INFOPLIST_FILE = WhereToEatTests/Info.plist;
				LD_RUNPATH_SEARCH_PATHS = "$(inherited) @executable_path/Frameworks @loader_path/Frameworks";
				PRODUCT_NAME = "$(TARGET_NAME)";
				TEST_HOST = "$(BUILT_PRODUCTS_DIR)/WhereToEat.app/WhereToEat";
			};
			name = Debug;
		};
		18FC40DE1BDD900900D2DF23 /* Release */ = {
			isa = XCBuildConfiguration;
			buildSettings = {
				BUNDLE_LOADER = "$(TEST_HOST)";
				FRAMEWORK_SEARCH_PATHS = (
					"$(SDKROOT)/Developer/Library/Frameworks",
					"$(inherited)",
				);
				INFOPLIST_FILE = WhereToEatTests/Info.plist;
				LD_RUNPATH_SEARCH_PATHS = "$(inherited) @executable_path/Frameworks @loader_path/Frameworks";
				PRODUCT_NAME = "$(TARGET_NAME)";
				TEST_HOST = "$(BUILT_PRODUCTS_DIR)/WhereToEat.app/WhereToEat";
			};
			name = Release;
		};
/* End XCBuildConfiguration section */

/* Begin XCConfigurationList section */
		18FC40B31BDD900900D2DF23 /* Build configuration list for PBXProject "WhereToEat" */ = {
			isa = XCConfigurationList;
			buildConfigurations = (
				18FC40D71BDD900900D2DF23 /* Debug */,
				18FC40D81BDD900900D2DF23 /* Release */,
			);
			defaultConfigurationIsVisible = 0;
			defaultConfigurationName = Release;
		};
		18FC40D91BDD900900D2DF23 /* Build configuration list for PBXNativeTarget "WhereToEat" */ = {
			isa = XCConfigurationList;
			buildConfigurations = (
				18FC40DA1BDD900900D2DF23 /* Debug */,
				18FC40DB1BDD900900D2DF23 /* Release */,
			);
			defaultConfigurationIsVisible = 0;
		};
		18FC40DC1BDD900900D2DF23 /* Build configuration list for PBXNativeTarget "WhereToEatTests" */ = {
			isa = XCConfigurationList;
			buildConfigurations = (
				18FC40DD1BDD900900D2DF23 /* Debug */,
				18FC40DE1BDD900900D2DF23 /* Release */,
			);
			defaultConfigurationIsVisible = 0;
		};
/* End XCConfigurationList section */
	};
	rootObject = 18FC40B01BDD900900D2DF23 /* Project object */;
}
